// !$*UTF8*$!
{
	archiveVersion = 1;
	classes = {
	};
	objectVersion = 46;
	objects = {

/* Begin PBXBuildFile section */
		8446FC6B18598A6F00E0D04F /* Foundation.framework in Frameworks */ = {isa = PBXBuildFile; fileRef = 8446FC6A18598A6F00E0D04F /* Foundation.framework */; };
		8446FC6D18598A6F00E0D04F /* CoreGraphics.framework in Frameworks */ = {isa = PBXBuildFile; fileRef = 8446FC6C18598A6F00E0D04F /* CoreGraphics.framework */; };
		8446FC6F18598A6F00E0D04F /* UIKit.framework in Frameworks */ = {isa = PBXBuildFile; fileRef = 8446FC6E18598A6F00E0D04F /* UIKit.framework */; };
		8446FC7518598A6F00E0D04F /* InfoPlist.strings in Resources */ = {isa = PBXBuildFile; fileRef = 8446FC7318598A6F00E0D04F /* InfoPlist.strings */; };
		8446FC7718598A6F00E0D04F /* main.m in Sources */ = {isa = PBXBuildFile; fileRef = 8446FC7618598A6F00E0D04F /* main.m */; };
		8446FC7B18598A6F00E0D04F /* iAppDelegate.m in Sources */ = {isa = PBXBuildFile; fileRef = 8446FC7A18598A6F00E0D04F /* iAppDelegate.m */; };
		8446FC7E18598A6F00E0D04F /* Main.storyboard in Resources */ = {isa = PBXBuildFile; fileRef = 8446FC7C18598A6F00E0D04F /* Main.storyboard */; };
		8446FC8118598A6F00E0D04F /* iViewController.m in Sources */ = {isa = PBXBuildFile; fileRef = 8446FC8018598A6F00E0D04F /* iViewController.m */; };
		8446FC8318598A6F00E0D04F /* Images.xcassets in Resources */ = {isa = PBXBuildFile; fileRef = 8446FC8218598A6F00E0D04F /* Images.xcassets */; };
		8446FC8A18598A6F00E0D04F /* XCTest.framework in Frameworks */ = {isa = PBXBuildFile; fileRef = 8446FC8918598A6F00E0D04F /* XCTest.framework */; };
		8446FC8B18598A6F00E0D04F /* Foundation.framework in Frameworks */ = {isa = PBXBuildFile; fileRef = 8446FC6A18598A6F00E0D04F /* Foundation.framework */; };
		8446FC8C18598A6F00E0D04F /* UIKit.framework in Frameworks */ = {isa = PBXBuildFile; fileRef = 8446FC6E18598A6F00E0D04F /* UIKit.framework */; };
		8446FC9418598A6F00E0D04F /* InfoPlist.strings in Resources */ = {isa = PBXBuildFile; fileRef = 8446FC9218598A6F00E0D04F /* InfoPlist.strings */; };
		8446FC9618598A6F00E0D04F /* coreFiltersTests.m in Sources */ = {isa = PBXBuildFile; fileRef = 8446FC9518598A6F00E0D04F /* coreFiltersTests.m */; };
		84906F5B185ABEC400542E1B /* iCoreFilters.m in Sources */ = {isa = PBXBuildFile; fileRef = 84906F5A185ABEC400542E1B /* iCoreFilters.m */; };
		84906FA0185AF7E400542E1B /* bckgImage4.png in Resources */ = {isa = PBXBuildFile; fileRef = 84906F9F185AF7E400542E1B /* bckgImage4.png */; };
		84906FA2185B185C00542E1B /* bckgImage1.png in Resources */ = {isa = PBXBuildFile; fileRef = 84906FA1185B185C00542E1B /* bckgImage1.png */; };
/* End PBXBuildFile section */

/* Begin PBXContainerItemProxy section */
		8446FC8D18598A6F00E0D04F /* PBXContainerItemProxy */ = {
			isa = PBXContainerItemProxy;
			containerPortal = 8446FC5F18598A6F00E0D04F /* Project object */;
			proxyType = 1;
			remoteGlobalIDString = 8446FC6618598A6F00E0D04F;
			remoteInfo = coreFilters;
		};
/* End PBXContainerItemProxy section */

/* Begin PBXFileReference section */
		8446FC6718598A6F00E0D04F /* coreFilters.app */ = {isa = PBXFileReference; explicitFileType = wrapper.application; includeInIndex = 0; path = coreFilters.app; sourceTree = BUILT_PRODUCTS_DIR; };
		8446FC6A18598A6F00E0D04F /* Foundation.framework */ = {isa = PBXFileReference; lastKnownFileType = wrapper.framework; name = Foundation.framework; path = System/Library/Frameworks/Foundation.framework; sourceTree = SDKROOT; };
		8446FC6C18598A6F00E0D04F /* CoreGraphics.framework */ = {isa = PBXFileReference; lastKnownFileType = wrapper.framework; name = CoreGraphics.framework; path = System/Library/Frameworks/CoreGraphics.framework; sourceTree = SDKROOT; };
		8446FC6E18598A6F00E0D04F /* UIKit.framework */ = {isa = PBXFileReference; lastKnownFileType = wrapper.framework; name = UIKit.framework; path = System/Library/Frameworks/UIKit.framework; sourceTree = SDKROOT; };
		8446FC7218598A6F00E0D04F /* coreFilters-Info.plist */ = {isa = PBXFileReference; lastKnownFileType = text.plist.xml; path = "coreFilters-Info.plist"; sourceTree = "<group>"; };
		8446FC7418598A6F00E0D04F /* en */ = {isa = PBXFileReference; lastKnownFileType = text.plist.strings; name = en; path = en.lproj/InfoPlist.strings; sourceTree = "<group>"; };
		8446FC7618598A6F00E0D04F /* main.m */ = {isa = PBXFileReference; lastKnownFileType = sourcecode.c.objc; path = main.m; sourceTree = "<group>"; };
		8446FC7818598A6F00E0D04F /* coreFilters-Prefix.pch */ = {isa = PBXFileReference; lastKnownFileType = sourcecode.c.h; path = "coreFilters-Prefix.pch"; sourceTree = "<group>"; };
		8446FC7918598A6F00E0D04F /* iAppDelegate.h */ = {isa = PBXFileReference; lastKnownFileType = sourcecode.c.h; path = iAppDelegate.h; sourceTree = "<group>"; };
		8446FC7A18598A6F00E0D04F /* iAppDelegate.m */ = {isa = PBXFileReference; lastKnownFileType = sourcecode.c.objc; path = iAppDelegate.m; sourceTree = "<group>"; };
		8446FC7D18598A6F00E0D04F /* Base */ = {isa = PBXFileReference; lastKnownFileType = file.storyboard; name = Base; path = Base.lproj/Main.storyboard; sourceTree = "<group>"; };
		8446FC7F18598A6F00E0D04F /* iViewController.h */ = {isa = PBXFileReference; lastKnownFileType = sourcecode.c.h; path = iViewController.h; sourceTree = "<group>"; };
		8446FC8018598A6F00E0D04F /* iViewController.m */ = {isa = PBXFileReference; lastKnownFileType = sourcecode.c.objc; path = iViewController.m; sourceTree = "<group>"; };
		8446FC8218598A6F00E0D04F /* Images.xcassets */ = {isa = PBXFileReference; lastKnownFileType = folder.assetcatalog; path = Images.xcassets; sourceTree = "<group>"; };
		8446FC8818598A6F00E0D04F /* coreFiltersTests.xctest */ = {isa = PBXFileReference; explicitFileType = wrapper.cfbundle; includeInIndex = 0; path = coreFiltersTests.xctest; sourceTree = BUILT_PRODUCTS_DIR; };
		8446FC8918598A6F00E0D04F /* XCTest.framework */ = {isa = PBXFileReference; lastKnownFileType = wrapper.framework; name = XCTest.framework; path = Library/Frameworks/XCTest.framework; sourceTree = DEVELOPER_DIR; };
		8446FC9118598A6F00E0D04F /* coreFiltersTests-Info.plist */ = {isa = PBXFileReference; lastKnownFileType = text.plist.xml; path = "coreFiltersTests-Info.plist"; sourceTree = "<group>"; };
		8446FC9318598A6F00E0D04F /* en */ = {isa = PBXFileReference; lastKnownFileType = text.plist.strings; name = en; path = en.lproj/InfoPlist.strings; sourceTree = "<group>"; };
		8446FC9518598A6F00E0D04F /* coreFiltersTests.m */ = {isa = PBXFileReference; lastKnownFileType = sourcecode.c.objc; path = coreFiltersTests.m; sourceTree = "<group>"; };
		84906F59185ABEC400542E1B /* iCoreFilters.h */ = {isa = PBXFileReference; fileEncoding = 4; lastKnownFileType = sourcecode.c.h; path = iCoreFilters.h; sourceTree = "<group>"; };
		84906F5A185ABEC400542E1B /* iCoreFilters.m */ = {isa = PBXFileReference; fileEncoding = 4; lastKnownFileType = sourcecode.c.objc; path = iCoreFilters.m; sourceTree = "<group>"; };
		84906F9F185AF7E400542E1B /* bckgImage4.png */ = {isa = PBXFileReference; lastKnownFileType = image.png; path = bckgImage4.png; sourceTree = "<group>"; };
		84906FA1185B185C00542E1B /* bckgImage1.png */ = {isa = PBXFileReference; lastKnownFileType = image.png; path = bckgImage1.png; sourceTree = "<group>"; };
/* End PBXFileReference section */

/* Begin PBXFrameworksBuildPhase section */
		8446FC6418598A6F00E0D04F /* Frameworks */ = {
			isa = PBXFrameworksBuildPhase;
			buildActionMask = 2147483647;
			files = (
				8446FC6D18598A6F00E0D04F /* CoreGraphics.framework in Frameworks */,
				8446FC6F18598A6F00E0D04F /* UIKit.framework in Frameworks */,
				8446FC6B18598A6F00E0D04F /* Foundation.framework in Frameworks */,
			);
			runOnlyForDeploymentPostprocessing = 0;
		};
		8446FC8518598A6F00E0D04F /* Frameworks */ = {
			isa = PBXFrameworksBuildPhase;
			buildActionMask = 2147483647;
			files = (
				8446FC8A18598A6F00E0D04F /* XCTest.framework in Frameworks */,
				8446FC8C18598A6F00E0D04F /* UIKit.framework in Frameworks */,
				8446FC8B18598A6F00E0D04F /* Foundation.framework in Frameworks */,
			);
			runOnlyForDeploymentPostprocessing = 0;
		};
/* End PBXFrameworksBuildPhase section */

/* Begin PBXGroup section */
		8446FC5E18598A6F00E0D04F = {
			isa = PBXGroup;
			children = (
				84906FA1185B185C00542E1B /* bckgImage1.png */,
				84906F9F185AF7E400542E1B /* bckgImage4.png */,
				8446FC9F18598CD200E0D04F /* Class */,
				8446FC7018598A6F00E0D04F /* coreFilters */,
				8446FC8F18598A6F00E0D04F /* coreFiltersTests */,
				8446FC6918598A6F00E0D04F /* Frameworks */,
				8446FC6818598A6F00E0D04F /* Products */,
			);
			sourceTree = "<group>";
		};
		8446FC6818598A6F00E0D04F /* Products */ = {
			isa = PBXGroup;
			children = (
				8446FC6718598A6F00E0D04F /* coreFilters.app */,
				8446FC8818598A6F00E0D04F /* coreFiltersTests.xctest */,
			);
			name = Products;
			sourceTree = "<group>";
		};
		8446FC6918598A6F00E0D04F /* Frameworks */ = {
			isa = PBXGroup;
			children = (
				8446FC6A18598A6F00E0D04F /* Foundation.framework */,
				8446FC6C18598A6F00E0D04F /* CoreGraphics.framework */,
				8446FC6E18598A6F00E0D04F /* UIKit.framework */,
				8446FC8918598A6F00E0D04F /* XCTest.framework */,
			);
			name = Frameworks;
			sourceTree = "<group>";
		};
		8446FC7018598A6F00E0D04F /* coreFilters */ = {
			isa = PBXGroup;
			children = (
				8446FC7918598A6F00E0D04F /* iAppDelegate.h */,
				8446FC7A18598A6F00E0D04F /* iAppDelegate.m */,
				8446FC7C18598A6F00E0D04F /* Main.storyboard */,
				8446FC7F18598A6F00E0D04F /* iViewController.h */,
				8446FC8018598A6F00E0D04F /* iViewController.m */,
				8446FC8218598A6F00E0D04F /* Images.xcassets */,
				8446FC7118598A6F00E0D04F /* Supporting Files */,
			);
			path = coreFilters;
			sourceTree = "<group>";
		};
		8446FC7118598A6F00E0D04F /* Supporting Files */ = {
			isa = PBXGroup;
			children = (
				8446FC7218598A6F00E0D04F /* coreFilters-Info.plist */,
				8446FC7318598A6F00E0D04F /* InfoPlist.strings */,
				8446FC7618598A6F00E0D04F /* main.m */,
				8446FC7818598A6F00E0D04F /* coreFilters-Prefix.pch */,
			);
			name = "Supporting Files";
			sourceTree = "<group>";
		};
		8446FC8F18598A6F00E0D04F /* coreFiltersTests */ = {
			isa = PBXGroup;
			children = (
				8446FC9518598A6F00E0D04F /* coreFiltersTests.m */,
				8446FC9018598A6F00E0D04F /* Supporting Files */,
			);
			path = coreFiltersTests;
			sourceTree = "<group>";
		};
		8446FC9018598A6F00E0D04F /* Supporting Files */ = {
			isa = PBXGroup;
			children = (
				8446FC9118598A6F00E0D04F /* coreFiltersTests-Info.plist */,
				8446FC9218598A6F00E0D04F /* InfoPlist.strings */,
			);
			name = "Supporting Files";
			sourceTree = "<group>";
		};
		8446FC9F18598CD200E0D04F /* Class */ = {
			isa = PBXGroup;
			children = (
				84906F59185ABEC400542E1B /* iCoreFilters.h */,
				84906F5A185ABEC400542E1B /* iCoreFilters.m */,
			);
			name = Class;
			sourceTree = "<group>";
		};
/* End PBXGroup section */

/* Begin PBXNativeTarget section */
		8446FC6618598A6F00E0D04F /* coreFilters */ = {
			isa = PBXNativeTarget;
			buildConfigurationList = 8446FC9918598A6F00E0D04F /* Build configuration list for PBXNativeTarget "coreFilters" */;
			buildPhases = (
				8446FC6318598A6F00E0D04F /* Sources */,
				8446FC6418598A6F00E0D04F /* Frameworks */,
				8446FC6518598A6F00E0D04F /* Resources */,
			);
			buildRules = (
			);
			dependencies = (
			);
			name = coreFilters;
			productName = coreFilters;
			productReference = 8446FC6718598A6F00E0D04F /* coreFilters.app */;
			productType = "com.apple.product-type.application";
		};
		8446FC8718598A6F00E0D04F /* coreFiltersTests */ = {
			isa = PBXNativeTarget;
			buildConfigurationList = 8446FC9C18598A6F00E0D04F /* Build configuration list for PBXNativeTarget "coreFiltersTests" */;
			buildPhases = (
				8446FC8418598A6F00E0D04F /* Sources */,
				8446FC8518598A6F00E0D04F /* Frameworks */,
				8446FC8618598A6F00E0D04F /* Resources */,
			);
			buildRules = (
			);
			dependencies = (
				8446FC8E18598A6F00E0D04F /* PBXTargetDependency */,
			);
			name = coreFiltersTests;
			productName = coreFiltersTests;
			productReference = 8446FC8818598A6F00E0D04F /* coreFiltersTests.xctest */;
			productType = "com.apple.product-type.bundle.unit-test";
		};
/* End PBXNativeTarget section */

/* Begin PBXProject section */
		8446FC5F18598A6F00E0D04F /* Project object */ = {
			isa = PBXProject;
			attributes = {
				CLASSPREFIX = i;
				LastUpgradeCheck = 0500;
				ORGANIZATIONNAME = Individual;
				TargetAttributes = {
					8446FC8718598A6F00E0D04F = {
						TestTargetID = 8446FC6618598A6F00E0D04F;
					};
				};
			};
			buildConfigurationList = 8446FC6218598A6F00E0D04F /* Build configuration list for PBXProject "coreFilters" */;
			compatibilityVersion = "Xcode 3.2";
			developmentRegion = English;
			hasScannedForEncodings = 0;
			knownRegions = (
				en,
				Base,
			);
			mainGroup = 8446FC5E18598A6F00E0D04F;
			productRefGroup = 8446FC6818598A6F00E0D04F /* Products */;
			projectDirPath = "";
			projectRoot = "";
			targets = (
				8446FC6618598A6F00E0D04F /* coreFilters */,
				8446FC8718598A6F00E0D04F /* coreFiltersTests */,
			);
		};
/* End PBXProject section */

/* Begin PBXResourcesBuildPhase section */
		8446FC6518598A6F00E0D04F /* Resources */ = {
			isa = PBXResourcesBuildPhase;
			buildActionMask = 2147483647;
			files = (
				84906FA2185B185C00542E1B /* bckgImage1.png in Resources */,
				8446FC8318598A6F00E0D04F /* Images.xcassets in Resources */,
				8446FC7518598A6F00E0D04F /* InfoPlist.strings in Resources */,
				8446FC7E18598A6F00E0D04F /* Main.storyboard in Resources */,
				84906FA0185AF7E400542E1B /* bckgImage4.png in Resources */,
			);
			runOnlyForDeploymentPostprocessing = 0;
		};
		8446FC8618598A6F00E0D04F /* Resources */ = {
			isa = PBXResourcesBuildPhase;
			buildActionMask = 2147483647;
			files = (
				8446FC9418598A6F00E0D04F /* InfoPlist.strings in Resources */,
			);
			runOnlyForDeploymentPostprocessing = 0;
		};
/* End PBXResourcesBuildPhase section */

/* Begin PBXSourcesBuildPhase section */
		8446FC6318598A6F00E0D04F /* Sources */ = {
			isa = PBXSourcesBuildPhase;
			buildActionMask = 2147483647;
			files = (
				84906F5B185ABEC400542E1B /* iCoreFilters.m in Sources */,
				8446FC7B18598A6F00E0D04F /* iAppDelegate.m in Sources */,
				8446FC7718598A6F00E0D04F /* main.m in Sources */,
				8446FC8118598A6F00E0D04F /* iViewController.m in Sources */,
			);
			runOnlyForDeploymentPostprocessing = 0;
		};
		8446FC8418598A6F00E0D04F /* Sources */ = {
			isa = PBXSourcesBuildPhase;
			buildActionMask = 2147483647;
			files = (
				8446FC9618598A6F00E0D04F /* coreFiltersTests.m in Sources */,
			);
			runOnlyForDeploymentPostprocessing = 0;
		};
/* End PBXSourcesBuildPhase section */

/* Begin PBXTargetDependency section */
		8446FC8E18598A6F00E0D04F /* PBXTargetDependency */ = {
			isa = PBXTargetDependency;
			target = 8446FC6618598A6F00E0D04F /* coreFilters */;
			targetProxy = 8446FC8D18598A6F00E0D04F /* PBXContainerItemProxy */;
		};
/* End PBXTargetDependency section */

/* Begin PBXVariantGroup section */
		8446FC7318598A6F00E0D04F /* InfoPlist.strings */ = {
			isa = PBXVariantGroup;
			children = (
				8446FC7418598A6F00E0D04F /* en */,
			);
			name = InfoPlist.strings;
			sourceTree = "<group>";
		};
		8446FC7C18598A6F00E0D04F /* Main.storyboard */ = {
			isa = PBXVariantGroup;
			children = (
				8446FC7D18598A6F00E0D04F /* Base */,
			);
			name = Main.storyboard;
			sourceTree = "<group>";
		};
		8446FC9218598A6F00E0D04F /* InfoPlist.strings */ = {
			isa = PBXVariantGroup;
			children = (
				8446FC9318598A6F00E0D04F /* en */,
			);
			name = InfoPlist.strings;
			sourceTree = "<group>";
		};
/* End PBXVariantGroup section */

/* Begin XCBuildConfiguration section */
		8446FC9718598A6F00E0D04F /* Debug */ = {
			isa = XCBuildConfiguration;
			buildSettings = {
				ALWAYS_SEARCH_USER_PATHS = NO;
				ARCHS = "$(ARCHS_STANDARD_INCLUDING_64_BIT)";
				CLANG_CXX_LANGUAGE_STANDARD = "gnu++0x";
				CLANG_CXX_LIBRARY = "libc++";
				CLANG_ENABLE_MODULES = YES;
				CLANG_ENABLE_OBJC_ARC = YES;
				CLANG_WARN_BOOL_CONVERSION = YES;
				CLANG_WARN_CONSTANT_CONVERSION = YES;
				CLANG_WARN_DIRECT_OBJC_ISA_USAGE = YES_ERROR;
				CLANG_WARN_EMPTY_BODY = YES;
				CLANG_WARN_ENUM_CONVERSION = YES;
				CLANG_WARN_INT_CONVERSION = YES;
				CLANG_WARN_OBJC_ROOT_CLASS = YES_ERROR;
				CLANG_WARN__DUPLICATE_METHOD_MATCH = YES;
				"CODE_SIGN_IDENTITY[sdk=iphoneos*]" = "iPhone Developer";
				COPY_PHASE_STRIP = NO;
				GCC_C_LANGUAGE_STANDARD = gnu99;
				GCC_DYNAMIC_NO_PIC = NO;
				GCC_OPTIMIZATION_LEVEL = 0;
				GCC_PREPROCESSOR_DEFINITIONS = (
					"DEBUG=1",
					"$(inherited)",
				);
				GCC_SYMBOLS_PRIVATE_EXTERN = NO;
				GCC_WARN_64_TO_32_BIT_CONVERSION = YES;
				GCC_WARN_ABOUT_RETURN_TYPE = YES_ERROR;
				GCC_WARN_UNDECLARED_SELECTOR = YES;
				GCC_WARN_UNINITIALIZED_AUTOS = YES;
				GCC_WARN_UNUSED_FUNCTION = YES;
				GCC_WARN_UNUSED_VARIABLE = YES;
				IPHONEOS_DEPLOYMENT_TARGET = 7.0;
				ONLY_ACTIVE_ARCH = YES;
				SDKROOT = iphoneos;
			};
			name = Debug;
		};
		8446FC9818598A6F00E0D04F /* Release */ = {
			isa = XCBuildConfiguration;
			buildSettings = {
				ALWAYS_SEARCH_USER_PATHS = NO;
				ARCHS = "$(ARCHS_STANDARD_INCLUDING_64_BIT)";
				CLANG_CXX_LANGUAGE_STANDARD = "gnu++0x";
				CLANG_CXX_LIBRARY = "libc++";
				CLANG_ENABLE_MODULES = YES;
				CLANG_ENABLE_OBJC_ARC = YES;
				CLANG_WARN_BOOL_CONVERSION = YES;
				CLANG_WARN_CONSTANT_CONVERSION = YES;
				CLANG_WARN_DIRECT_OBJC_ISA_USAGE = YES_ERROR;
				CLANG_WARN_EMPTY_BODY = YES;
				CLANG_WARN_ENUM_CONVERSION = YES;
				CLANG_WARN_INT_CONVERSION = YES;
				CLANG_WARN_OBJC_ROOT_CLASS = YES_ERROR;
				CLANG_WARN__DUPLICATE_METHOD_MATCH = YES;
				"CODE_SIGN_IDENTITY[sdk=iphoneos*]" = "iPhone Developer";
				COPY_PHASE_STRIP = YES;
				ENABLE_NS_ASSERTIONS = NO;
				GCC_C_LANGUAGE_STANDARD = gnu99;
				GCC_WARN_64_TO_32_BIT_CONVERSION = YES;
				GCC_WARN_ABOUT_RETURN_TYPE = YES_ERROR;
				GCC_WARN_UNDECLARED_SELECTOR = YES;
				GCC_WARN_UNINITIALIZED_AUTOS = YES;
				GCC_WARN_UNUSED_FUNCTION = YES;
				GCC_WARN_UNUSED_VARIABLE = YES;
				IPHONEOS_DEPLOYMENT_TARGET = 7.0;
				SDKROOT = iphoneos;
				VALIDATE_PRODUCT = YES;
			};
			name = Release;
		};
		8446FC9A18598A6F00E0D04F /* Debug */ = {
			isa = XCBuildConfiguration;
			buildSettings = {
				ASSETCATALOG_COMPILER_APPICON_NAME = AppIcon;
				ASSETCATALOG_COMPILER_LAUNCHIMAGE_NAME = LaunchImage;
				GCC_PRECOMPILE_PREFIX_HEADER = YES;
				GCC_PREFIX_HEADER = "coreFilters/coreFilters-Prefix.pch";
				INFOPLIST_FILE = "coreFilters/coreFilters-Info.plist";
				PRODUCT_NAME = "$(TARGET_NAME)";
				WRAPPER_EXTENSION = app;
			};
			name = Debug;
		};
		8446FC9B18598A6F00E0D04F /* Release */ = {
			isa = XCBuildConfiguration;
			buildSettings = {
				ASSETCATALOG_COMPILER_APPICON_NAME = AppIcon;
				ASSETCATALOG_COMPILER_LAUNCHIMAGE_NAME = LaunchImage;
				GCC_PRECOMPILE_PREFIX_HEADER = YES;
				GCC_PREFIX_HEADER = "coreFilters/coreFilters-Prefix.pch";
				INFOPLIST_FILE = "coreFilters/coreFilters-Info.plist";
				PRODUCT_NAME = "$(TARGET_NAME)";
				WRAPPER_EXTENSION = app;
			};
			name = Release;
		};
		8446FC9D18598A6F00E0D04F /* Debug */ = {
			isa = XCBuildConfiguration;
			buildSettings = {
				ARCHS = "$(ARCHS_STANDARD_INCLUDING_64_BIT)";
				BUNDLE_LOADER = "$(BUILT_PRODUCTS_DIR)/coreFilters.app/coreFilters";
				FRAMEWORK_SEARCH_PATHS = (
					"$(SDKROOT)/Developer/Library/Frameworks",
					"$(inherited)",
					"$(DEVELOPER_FRAMEWORKS_DIR)",
				);
				GCC_PRECOMPILE_PREFIX_HEADER = YES;
				GCC_PREFIX_HEADER = "coreFilters/coreFilters-Prefix.pch";
				GCC_PREPROCESSOR_DEFINITIONS = (
					"DEBUG=1",
					"$(inherited)",
				);
				INFOPLIST_FILE = "coreFiltersTests/coreFiltersTests-Info.plist";
				PRODUCT_NAME = "$(TARGET_NAME)";
				TEST_HOST = "$(BUNDLE_LOADER)";
				WRAPPER_EXTENSION = xctest;
			};
			name = Debug;
		};
		8446FC9E18598A6F00E0D04F /* Release */ = {
			isa = XCBuildConfiguration;
			buildSettings = {
				ARCHS = "$(ARCHS_STANDARD_INCLUDING_64_BIT)";
				BUNDLE_LOADER = "$(BUILT_PRODUCTS_DIR)/coreFilters.app/coreFilters";
				FRAMEWORK_SEARCH_PATHS = (
					"$(SDKROOT)/Developer/Library/Frameworks",
					"$(inherited)",
					"$(DEVELOPER_FRAMEWORKS_DIR)",
				);
				GCC_PRECOMPILE_PREFIX_HEADER = YES;
				GCC_PREFIX_HEADER = "coreFilters/coreFilters-Prefix.pch";
				INFOPLIST_FILE = "coreFiltersTests/coreFiltersTests-Info.plist";
				PRODUCT_NAME = "$(TARGET_NAME)";
				TEST_HOST = "$(BUNDLE_LOADER)";
				WRAPPER_EXTENSION = xctest;
			};
			name = Release;
		};
/* End XCBuildConfiguration section */

/* Begin XCConfigurationList section */
		8446FC6218598A6F00E0D04F /* Build configuration list for PBXProject "coreFilters" */ = {
			isa = XCConfigurationList;
			buildConfigurations = (
				8446FC9718598A6F00E0D04F /* Debug */,
				8446FC9818598A6F00E0D04F /* Release */,
			);
			defaultConfigurationIsVisible = 0;
			defaultConfigurationName = Release;
		};
		8446FC9918598A6F00E0D04F /* Build configuration list for PBXNativeTarget "coreFilters" */ = {
			isa = XCConfigurationList;
			buildConfigurations = (
				8446FC9A18598A6F00E0D04F /* Debug */,
				8446FC9B18598A6F00E0D04F /* Release */,
			);
			defaultConfigurationIsVisible = 0;
			defaultConfigurationName = Release;
		};
		8446FC9C18598A6F00E0D04F /* Build configuration list for PBXNativeTarget "coreFiltersTests" */ = {
			isa = XCConfigurationList;
			buildConfigurations = (
				8446FC9D18598A6F00E0D04F /* Debug */,
				8446FC9E18598A6F00E0D04F /* Release */,
			);
			defaultConfigurationIsVisible = 0;
			defaultConfigurationName = Release;
		};
/* End XCConfigurationList section */
	};
	rootObject = 8446FC5F18598A6F00E0D04F /* Project object */;
}
